
Microsoft Visual Studio Solution File, Format Version 12.00
# Visual Studio Version 17
VisualStudioVersion = 17.9.34723.18
MinimumVisualStudioVersion = 10.0.40219.1
Project("{2150E333-8FDC-42A3-9474-1A3956D46DE8}") = "01", "01", "{EEBF6464-4EDC-43D7-8BCD-DA7E9AD6927D}"
EndProject
Project("{FAE04EC0-301F-11D3-BF4B-00C04F79EFBC}") = "ParImpar", "ParImpar\ParImpar.csproj", "{10113979-1053-4A5F-9604-233082B13728}"
EndProject
Global
	GlobalSection(SolutionConfigurationPlatforms) = preSolution
		Debug|Any CPU = Debug|Any CPU
		Release|Any CPU = Release|Any CPU
	EndGlobalSection
	GlobalSection(ProjectConfigurationPlatforms) = postSolution
		{10113979-1053-4A5F-9604-233082B13728}.Debug|Any CPU.ActiveCfg = Debug|Any CPU
		{10113979-1053-4A5F-9604-233082B13728}.Debug|Any CPU.Build.0 = Debug|Any CPU
		{10113979-1053-4A5F-9604-233082B13728}.Release|Any CPU.ActiveCfg = Release|Any CPU
		{10113979-1053-4A5F-9604-233082B13728}.Release|Any CPU.Build.0 = Release|Any CPU
	EndGlobalSection
	GlobalSection(SolutionProperties) = preSolution
		HideSolutionNode = FALSE
	EndGlobalSection
	GlobalSection(NestedProjects) = preSolution
		{10113979-1053-4A5F-9604-233082B13728} = {EEBF6464-4EDC-43D7-8BCD-DA7E9AD6927D}
	EndGlobalSection
	GlobalSection(ExtensibilityGlobals) = postSolution
		SolutionGuid = {7A2747F5-8ADB-4A85-89BB-531426F7C4FD}
	EndGlobalSection
EndGlobal
